
Microsoft Visual Studio Solution File, Format Version 11.00
# Visual Studio 2010
Project("{8BC9CEB8-8B4A-11D0-8D11-00A0C91BC942}") = "wiimote_testing", "wiimote_testing\wiimote_testing.vcxproj", "{610CDB90-ECB2-474A-B4CD-D4488AA0B221}"
EndProject
Global
	GlobalSection(SolutionConfigurationPlatforms) = preSolution
		Debug|Win32 = Debug|Win32
		Release|Win32 = Release|Win32
	EndGlobalSection
	GlobalSection(ProjectConfigurationPlatforms) = postSolution
		{610CDB90-ECB2-474A-B4CD-D4488AA0B221}.Debug|Win32.ActiveCfg = Debug|Win32
		{610CDB90-ECB2-474A-B4CD-D4488AA0B221}.Debug|Win32.Build.0 = Debug|Win32
		{610CDB90-ECB2-474A-B4CD-D4488AA0B221}.Release|Win32.ActiveCfg = Release|Win32
		{610CDB90-ECB2-474A-B4CD-D4488AA0B221}.Release|Win32.Build.0 = Release|Win32
	EndGlobalSection
	GlobalSection(SolutionProperties) = preSolution
		HideSolutionNode = FALSE
	EndGlobalSection
EndGlobal
